PODS:
  - CrowdConnectedCore (2.0.0):
    - CrowdConnectedShared
  - CrowdConnectedCoreBluetooth (2.0.0):
    - CrowdConnectedShared
  - CrowdConnectedGeo (2.0.0):
    - CrowdConnectedShared
  - CrowdConnectedIPS (2.0.0):
    - CrowdConnectedShared
  - CrowdConnectedShared (2.0.0)

DEPENDENCIES:
  - CrowdConnectedCore (= 2.0.0)
  - CrowdConnectedCoreBluetooth (= 2.0.0)
  - CrowdConnectedGeo (= 2.0.0)
  - CrowdConnectedIPS (= 2.0.0)
  - CrowdConnectedShared (= 2.0.0)

SPEC REPOS:
  trunk:
    - CrowdConnectedCore
    - CrowdConnectedCoreBluetooth
    - CrowdConnectedGeo
    - CrowdConnectedIPS
    - CrowdConnectedShared

SPEC CHECKSUMS:
  CrowdConnectedCore: a75ab764b893b94382498bab080cda9dfea7fb2b
  CrowdConnectedCoreBluetooth: 0d1dcffe7ad801abc75c6d95684437c8bef1df79
  CrowdConnectedGeo: 3b52d2d6dfcba946e885b8beb85a7349f2233e08
  CrowdConnectedIPS: e2b07c12cafd5c14a226b940f159d4f1821527b1
  CrowdConnectedShared: 6ec8348ace3a787bdc78410d10bd767495bdb3bc

PODFILE CHECKSUM: de3314cfb8f3f1662c0186361b0ee3ebf23a9bfc

COCOAPODS: 1.15.2
