PODS:
  - AWSAuthCore (2.28.0):
    - AWSCore (= 2.28.0)
  - AWSCognitoIdentityProvider (2.28.0):
    - AWSCognitoIdentityProviderASF (= 2.28.0)
    - AWSCore (= 2.28.0)
  - AWSCognitoIdentityProviderASF (2.28.0):
    - AWSCore (= 2.28.0)
  - AWSCore (2.28.0)
  - AWSKinesis (2.28.0):
    - AWSCore (= 2.28.0)
  - AWSMobileClient (2.28.0):
    - AWSAuthCore (= 2.28.0)
    - AWSCognitoIdentityProvider (= 2.28.0)
    - AWSCognitoIdentityProviderASF (= 2.28.0)
    - AWSCore (= 2.28.0)
  - AWSPinpoint (2.28.0):
    - AWSCore (= 2.28.0)
  - CrowdConnectedCore (1.6.3):
    - AWSKinesis
    - AWSMobileClient
    - AWSPinpoint
    - CrowdConnectedShared
  - CrowdConnectedCoreBluetooth (1.6.3):
    - CrowdConnectedShared
  - CrowdConnectedGeo (1.6.3):
    - CrowdConnectedShared
  - CrowdConnectedIPS (1.6.3):
    - CrowdConnectedShared
  - CrowdConnectedShared (1.6.3)

DEPENDENCIES:
  - AWSKinesis (= 2.28.0)
  - AWSMobileClient
  - AWSPinpoint
  - CrowdConnectedCore (= 1.6.3)
  - CrowdConnectedCoreBluetooth (= 1.6.3)
  - CrowdConnectedGeo (= 1.6.3)
  - CrowdConnectedIPS (= 1.6.3)
  - CrowdConnectedShared (= 1.6.3)

SPEC REPOS:
  trunk:
    - AWSAuthCore
    - AWSCognitoIdentityProvider
    - AWSCognitoIdentityProviderASF
    - AWSCore
    - AWSKinesis
    - AWSMobileClient
    - AWSPinpoint
    - CrowdConnectedCore
    - CrowdConnectedCoreBluetooth
    - CrowdConnectedGeo
    - CrowdConnectedIPS
    - CrowdConnectedShared

SPEC CHECKSUMS:
  AWSAuthCore: 658c331fe5cbc58608ced499aa0d8d46c57e9c96
  AWSCognitoIdentityProvider: 9778edc430206a1bf67ff5f0c7a7b130fa4a5380
  AWSCognitoIdentityProviderASF: a82f81ad75fce6d8c826ed394fa3cf7c51306897
  AWSCore: 0ebe9ba8a459893cdf268ce0bae61875efd0182b
  AWSKinesis: 20157f0f42a22eb88a73a867cf57d5d6cd523c18
  AWSMobileClient: 8d466f135e8d851a76e57cbfe65bb67eb522b64c
  AWSPinpoint: f3e51482ba9dab1c6657b377d6a7f39edcb8f64f
  CrowdConnectedCore: 91d8763ec207223f154992ea4afed15aa12556d3
  CrowdConnectedCoreBluetooth: 72f043d3e1f79ce6a239ee7bf984bf9e8dae80ca
  CrowdConnectedGeo: 3e8884c4dca1696b37927330d328313e26f518c0
  CrowdConnectedIPS: b69c44a890c072b2cdc85434c7d252e5661e6eff
  CrowdConnectedShared: d2583a256585729273dab04231bd5ec5d307570e

PODFILE CHECKSUM: a73f8d0dbcd777056ebbb36f8ed8c09b20a91350

COCOAPODS: 1.14.2
