// !$*UTF8*$!
{
	archiveVersion = 1;
	classes = {
	};
	objectVersion = 54;
	objects = {

/* Begin PBXBuildFile section */
		62711A2B268A486E00A95A4E /* TestCocoaPodsIntegrationApp.swift in Sources */ = {isa = PBXBuildFile; fileRef = 62711A2A268A486E00A95A4E /* TestCocoaPodsIntegrationApp.swift */; };
		62711A2D268A486E00A95A4E /* ContentView.swift in Sources */ = {isa = PBXBuildFile; fileRef = 62711A2C268A486E00A95A4E /* ContentView.swift */; };
		62711A2F268A487100A95A4E /* Assets.xcassets in Resources */ = {isa = PBXBuildFile; fileRef = 62711A2E268A487100A95A4E /* Assets.xcassets */; };
		62711A32268A487100A95A4E /* Preview Assets.xcassets in Resources */ = {isa = PBXBuildFile; fileRef = 62711A31268A487100A95A4E /* Preview Assets.xcassets */; };
		AA0F89D22CD1778C00E6A339 /* AWSCognitoIdentity in Frameworks */ = {isa = PBXBuildFile; productRef = AA0F89D12CD1778C00E6A339 /* AWSCognitoIdentity */; };
		AA0F89D42CD1778C00E6A339 /* AWSCognitoIdentityProvider in Frameworks */ = {isa = PBXBuildFile; productRef = AA0F89D32CD1778C00E6A339 /* AWSCognitoIdentityProvider */; };
		AA0F8A0A2CD1785900E6A339 /* AWSKinesis in Frameworks */ = {isa = PBXBuildFile; productRef = AA0F8A092CD1785900E6A339 /* AWSKinesis */; };
		AA2F2ECC2BC54717006404EF /* PrivacyInfo.xcprivacy in Resources */ = {isa = PBXBuildFile; fileRef = AA2F2EC92BC546BA006404EF /* PrivacyInfo.xcprivacy */; };
		AAC0ABC92902919A00298D89 /* Pods_TestCocoaPodsIntegration.framework in Frameworks */ = {isa = PBXBuildFile; fileRef = E34441058AAE0020A6A21F5D /* Pods_TestCocoaPodsIntegration.framework */; };
		AAC0ABCA2902919A00298D89 /* Pods_TestCocoaPodsIntegration.framework in Embed Frameworks */ = {isa = PBXBuildFile; fileRef = E34441058AAE0020A6A21F5D /* Pods_TestCocoaPodsIntegration.framework */; settings = {ATTRIBUTES = (CodeSignOnCopy, RemoveHeadersOnCopy, ); }; };
/* End PBXBuildFile section */

/* Begin PBXCopyFilesBuildPhase section */
		AAC0ABCB2902919A00298D89 /* Embed Frameworks */ = {
			isa = PBXCopyFilesBuildPhase;
			buildActionMask = 2147483647;
			dstPath = "";
			dstSubfolderSpec = 10;
			files = (
				AAC0ABCA2902919A00298D89 /* Pods_TestCocoaPodsIntegration.framework in Embed Frameworks */,
			);
			name = "Embed Frameworks";
			runOnlyForDeploymentPostprocessing = 0;
		};
/* End PBXCopyFilesBuildPhase section */

/* Begin PBXFileReference section */
		62711A27268A486E00A95A4E /* TestCocoaPodsIntegration.app */ = {isa = PBXFileReference; explicitFileType = wrapper.application; includeInIndex = 0; path = TestCocoaPodsIntegration.app; sourceTree = BUILT_PRODUCTS_DIR; };
		62711A2A268A486E00A95A4E /* TestCocoaPodsIntegrationApp.swift */ = {isa = PBXFileReference; lastKnownFileType = sourcecode.swift; path = TestCocoaPodsIntegrationApp.swift; sourceTree = "<group>"; };
		62711A2C268A486E00A95A4E /* ContentView.swift */ = {isa = PBXFileReference; lastKnownFileType = sourcecode.swift; path = ContentView.swift; sourceTree = "<group>"; };
		62711A2E268A487100A95A4E /* Assets.xcassets */ = {isa = PBXFileReference; lastKnownFileType = folder.assetcatalog; path = Assets.xcassets; sourceTree = "<group>"; };
		62711A31268A487100A95A4E /* Preview Assets.xcassets */ = {isa = PBXFileReference; lastKnownFileType = folder.assetcatalog; path = "Preview Assets.xcassets"; sourceTree = "<group>"; };
		62711A33268A487100A95A4E /* Info.plist */ = {isa = PBXFileReference; lastKnownFileType = text.plist.xml; path = Info.plist; sourceTree = "<group>"; };
		62711A39268A5FAE00A95A4E /* CrowdConnectedCore.xcframework */ = {isa = PBXFileReference; lastKnownFileType = wrapper.xcframework; name = CrowdConnectedCore.xcframework; path = Pods/CrowdConnectedCore/CrowdConnectedCore.xcframework; sourceTree = "<group>"; };
		62711A3D268A5FB500A95A4E /* CrowdConnectedIPS.xcframework */ = {isa = PBXFileReference; lastKnownFileType = wrapper.xcframework; name = CrowdConnectedIPS.xcframework; path = Pods/CrowdConnectedIPS/CrowdConnectedIPS.xcframework; sourceTree = "<group>"; };
		62711A40268A5FBA00A95A4E /* CrowdConnectedShared.xcframework */ = {isa = PBXFileReference; lastKnownFileType = wrapper.xcframework; name = CrowdConnectedShared.xcframework; path = Pods/CrowdConnectedShared/CrowdConnectedShared.xcframework; sourceTree = "<group>"; };
		AA2F2EC92BC546BA006404EF /* PrivacyInfo.xcprivacy */ = {isa = PBXFileReference; lastKnownFileType = text.xml; name = PrivacyInfo.xcprivacy; path = TestCocoapodsIntegration/PrivacyInfo.xcprivacy; sourceTree = SOURCE_ROOT; };
		B63E59DEB8E0DEC32C504E0E /* Pods-TestCocoaPodsIntegration.debug.xcconfig */ = {isa = PBXFileReference; includeInIndex = 1; lastKnownFileType = text.xcconfig; name = "Pods-TestCocoaPodsIntegration.debug.xcconfig"; path = "Target Support Files/Pods-TestCocoaPodsIntegration/Pods-TestCocoaPodsIntegration.debug.xcconfig"; sourceTree = "<group>"; };
		C1FD2170E8D3994F5471A57C /* Pods-TestCocoaPodsIntegration.release.xcconfig */ = {isa = PBXFileReference; includeInIndex = 1; lastKnownFileType = text.xcconfig; name = "Pods-TestCocoaPodsIntegration.release.xcconfig"; path = "Target Support Files/Pods-TestCocoaPodsIntegration/Pods-TestCocoaPodsIntegration.release.xcconfig"; sourceTree = "<group>"; };
		E34441058AAE0020A6A21F5D /* Pods_TestCocoaPodsIntegration.framework */ = {isa = PBXFileReference; explicitFileType = wrapper.framework; includeInIndex = 0; path = Pods_TestCocoaPodsIntegration.framework; sourceTree = BUILT_PRODUCTS_DIR; };
/* End PBXFileReference section */

/* Begin PBXFrameworksBuildPhase section */
		62711A24268A486E00A95A4E /* Frameworks */ = {
			isa = PBXFrameworksBuildPhase;
			buildActionMask = 2147483647;
			files = (
				AA0F89D42CD1778C00E6A339 /* AWSCognitoIdentityProvider in Frameworks */,
				AAC0ABC92902919A00298D89 /* Pods_TestCocoaPodsIntegration.framework in Frameworks */,
				AA0F89D22CD1778C00E6A339 /* AWSCognitoIdentity in Frameworks */,
				AA0F8A0A2CD1785900E6A339 /* AWSKinesis in Frameworks */,
			);
			runOnlyForDeploymentPostprocessing = 0;
		};
/* End PBXFrameworksBuildPhase section */

/* Begin PBXGroup section */
		29D3B68B2B759EE3A1EBFBBC /* Pods */ = {
			isa = PBXGroup;
			children = (
				B63E59DEB8E0DEC32C504E0E /* Pods-TestCocoaPodsIntegration.debug.xcconfig */,
				C1FD2170E8D3994F5471A57C /* Pods-TestCocoaPodsIntegration.release.xcconfig */,
			);
			path = Pods;
			sourceTree = "<group>";
		};
		5C6A699CB766E2C7C1CFED4D /* Frameworks */ = {
			isa = PBXGroup;
			children = (
				62711A40268A5FBA00A95A4E /* CrowdConnectedShared.xcframework */,
				62711A3D268A5FB500A95A4E /* CrowdConnectedIPS.xcframework */,
				62711A39268A5FAE00A95A4E /* CrowdConnectedCore.xcframework */,
				E34441058AAE0020A6A21F5D /* Pods_TestCocoaPodsIntegration.framework */,
			);
			name = Frameworks;
			sourceTree = "<group>";
		};
		62711A1E268A486E00A95A4E = {
			isa = PBXGroup;
			children = (
				62711A29268A486E00A95A4E /* TestCocoaPodsIntegration */,
				62711A28268A486E00A95A4E /* Products */,
				29D3B68B2B759EE3A1EBFBBC /* Pods */,
				5C6A699CB766E2C7C1CFED4D /* Frameworks */,
			);
			sourceTree = "<group>";
		};
		62711A28268A486E00A95A4E /* Products */ = {
			isa = PBXGroup;
			children = (
				62711A27268A486E00A95A4E /* TestCocoaPodsIntegration.app */,
			);
			name = Products;
			sourceTree = "<group>";
		};
		62711A29268A486E00A95A4E /* TestCocoaPodsIntegration */ = {
			isa = PBXGroup;
			children = (
				62711A2A268A486E00A95A4E /* TestCocoaPodsIntegrationApp.swift */,
				AA2F2EC92BC546BA006404EF /* PrivacyInfo.xcprivacy */,
				62711A2C268A486E00A95A4E /* ContentView.swift */,
				62711A2E268A487100A95A4E /* Assets.xcassets */,
				62711A33268A487100A95A4E /* Info.plist */,
				62711A30268A487100A95A4E /* Preview Content */,
			);
			path = TestCocoaPodsIntegration;
			sourceTree = "<group>";
		};
		62711A30268A487100A95A4E /* Preview Content */ = {
			isa = PBXGroup;
			children = (
				62711A31268A487100A95A4E /* Preview Assets.xcassets */,
			);
			path = "Preview Content";
			sourceTree = "<group>";
		};
/* End PBXGroup section */

/* Begin PBXNativeTarget section */
		62711A26268A486E00A95A4E /* TestCocoaPodsIntegration */ = {
			isa = PBXNativeTarget;
			buildConfigurationList = 62711A36268A487100A95A4E /* Build configuration list for PBXNativeTarget "TestCocoaPodsIntegration" */;
			buildPhases = (
				1F0BFCC612B24E9C8BB5320E /* [CP] Check Pods Manifest.lock */,
				62711A23268A486E00A95A4E /* Sources */,
				62711A24268A486E00A95A4E /* Frameworks */,
				62711A25268A486E00A95A4E /* Resources */,
				9FABB765A2AB85E7773FCBA7 /* [CP] Embed Pods Frameworks */,
				AAC0ABCB2902919A00298D89 /* Embed Frameworks */,
				D3DA8AA6C7732337E8488929 /* [CP] Copy Pods Resources */,
			);
			buildRules = (
			);
			dependencies = (
			);
			name = TestCocoaPodsIntegration;
			packageProductDependencies = (
				AA0F89D12CD1778C00E6A339 /* AWSCognitoIdentity */,
				AA0F89D32CD1778C00E6A339 /* AWSCognitoIdentityProvider */,
				AA0F8A092CD1785900E6A339 /* AWSKinesis */,
			);
			productName = TestCocoaPodsIntegration;
			productReference = 62711A27268A486E00A95A4E /* TestCocoaPodsIntegration.app */;
			productType = "com.apple.product-type.application";
		};
/* End PBXNativeTarget section */

/* Begin PBXProject section */
		62711A1F268A486E00A95A4E /* Project object */ = {
			isa = PBXProject;
			attributes = {
				LastSwiftUpdateCheck = 1250;
				LastUpgradeCheck = 1250;
				TargetAttributes = {
					62711A26268A486E00A95A4E = {
						CreatedOnToolsVersion = 12.5;
					};
				};
			};
			buildConfigurationList = 62711A22268A486E00A95A4E /* Build configuration list for PBXProject "TestCocoaPodsIntegration" */;
			compatibilityVersion = "Xcode 9.3";
			developmentRegion = en;
			hasScannedForEncodings = 0;
			knownRegions = (
				en,
				Base,
			);
			mainGroup = 62711A1E268A486E00A95A4E;
			packageReferences = (
				AA0F89362CD1778C00E6A339 /* XCRemoteSwiftPackageReference "aws-sdk-swift" */,
			);
			productRefGroup = 62711A28268A486E00A95A4E /* Products */;
			projectDirPath = "";
			projectRoot = "";
			targets = (
				62711A26268A486E00A95A4E /* TestCocoaPodsIntegration */,
			);
		};
/* End PBXProject section */

/* Begin PBXResourcesBuildPhase section */
		62711A25268A486E00A95A4E /* Resources */ = {
			isa = PBXResourcesBuildPhase;
			buildActionMask = 2147483647;
			files = (
				AA2F2ECC2BC54717006404EF /* PrivacyInfo.xcprivacy in Resources */,
				62711A32268A487100A95A4E /* Preview Assets.xcassets in Resources */,
				62711A2F268A487100A95A4E /* Assets.xcassets in Resources */,
			);
			runOnlyForDeploymentPostprocessing = 0;
		};
/* End PBXResourcesBuildPhase section */

/* Begin PBXShellScriptBuildPhase section */
		1F0BFCC612B24E9C8BB5320E /* [CP] Check Pods Manifest.lock */ = {
			isa = PBXShellScriptBuildPhase;
			buildActionMask = 2147483647;
			files = (
			);
			inputFileListPaths = (
			);
			inputPaths = (
				"${PODS_PODFILE_DIR_PATH}/Podfile.lock",
				"${PODS_ROOT}/Manifest.lock",
			);
			name = "[CP] Check Pods Manifest.lock";
			outputFileListPaths = (
			);
			outputPaths = (
				"$(DERIVED_FILE_DIR)/Pods-TestCocoaPodsIntegration-checkManifestLockResult.txt",
			);
			runOnlyForDeploymentPostprocessing = 0;
			shellPath = /bin/sh;
			shellScript = "diff \"${PODS_PODFILE_DIR_PATH}/Podfile.lock\" \"${PODS_ROOT}/Manifest.lock\" > /dev/null\nif [ $? != 0 ] ; then\n    # print error to STDERR\n    echo \"error: The sandbox is not in sync with the Podfile.lock. Run 'pod install' or update your CocoaPods installation.\" >&2\n    exit 1\nfi\n# This output is used by Xcode 'outputs' to avoid re-running this script phase.\necho \"SUCCESS\" > \"${SCRIPT_OUTPUT_FILE_0}\"\n";
			showEnvVarsInLog = 0;
		};
		9FABB765A2AB85E7773FCBA7 /* [CP] Embed Pods Frameworks */ = {
			isa = PBXShellScriptBuildPhase;
			buildActionMask = 2147483647;
			files = (
			);
			inputFileListPaths = (
				"${PODS_ROOT}/Target Support Files/Pods-TestCocoaPodsIntegration/Pods-TestCocoaPodsIntegration-frameworks-${CONFIGURATION}-input-files.xcfilelist",
			);
			name = "[CP] Embed Pods Frameworks";
			outputFileListPaths = (
				"${PODS_ROOT}/Target Support Files/Pods-TestCocoaPodsIntegration/Pods-TestCocoaPodsIntegration-frameworks-${CONFIGURATION}-output-files.xcfilelist",
			);
			runOnlyForDeploymentPostprocessing = 0;
			shellPath = /bin/sh;
			shellScript = "\"${PODS_ROOT}/Target Support Files/Pods-TestCocoaPodsIntegration/Pods-TestCocoaPodsIntegration-frameworks.sh\"\n";
			showEnvVarsInLog = 0;
		};
		D3DA8AA6C7732337E8488929 /* [CP] Copy Pods Resources */ = {
			isa = PBXShellScriptBuildPhase;
			buildActionMask = 2147483647;
			files = (
			);
			inputFileListPaths = (
				"${PODS_ROOT}/Target Support Files/Pods-TestCocoaPodsIntegration/Pods-TestCocoaPodsIntegration-resources-${CONFIGURATION}-input-files.xcfilelist",
			);
			name = "[CP] Copy Pods Resources";
			outputFileListPaths = (
				"${PODS_ROOT}/Target Support Files/Pods-TestCocoaPodsIntegration/Pods-TestCocoaPodsIntegration-resources-${CONFIGURATION}-output-files.xcfilelist",
			);
			runOnlyForDeploymentPostprocessing = 0;
			shellPath = /bin/sh;
			shellScript = "\"${PODS_ROOT}/Target Support Files/Pods-TestCocoaPodsIntegration/Pods-TestCocoaPodsIntegration-resources.sh\"\n";
			showEnvVarsInLog = 0;
		};
/* End PBXShellScriptBuildPhase section */

/* Begin PBXSourcesBuildPhase section */
		62711A23268A486E00A95A4E /* Sources */ = {
			isa = PBXSourcesBuildPhase;
			buildActionMask = 2147483647;
			files = (
				62711A2D268A486E00A95A4E /* ContentView.swift in Sources */,
				62711A2B268A486E00A95A4E /* TestCocoaPodsIntegrationApp.swift in Sources */,
			);
			runOnlyForDeploymentPostprocessing = 0;
		};
/* End PBXSourcesBuildPhase section */

/* Begin XCBuildConfiguration section */
		62711A34268A487100A95A4E /* Debug */ = {
			isa = XCBuildConfiguration;
			buildSettings = {
				ALWAYS_SEARCH_USER_PATHS = NO;
				CLANG_ANALYZER_NONNULL = YES;
				CLANG_ANALYZER_NUMBER_OBJECT_CONVERSION = YES_AGGRESSIVE;
				CLANG_CXX_LANGUAGE_STANDARD = "gnu++14";
				CLANG_CXX_LIBRARY = "libc++";
				CLANG_ENABLE_MODULES = YES;
				CLANG_ENABLE_OBJC_ARC = YES;
				CLANG_ENABLE_OBJC_WEAK = YES;
				CLANG_WARN_BLOCK_CAPTURE_AUTORELEASING = YES;
				CLANG_WARN_BOOL_CONVERSION = YES;
				CLANG_WARN_COMMA = YES;
				CLANG_WARN_CONSTANT_CONVERSION = YES;
				CLANG_WARN_DEPRECATED_OBJC_IMPLEMENTATIONS = YES;
				CLANG_WARN_DIRECT_OBJC_ISA_USAGE = YES_ERROR;
				CLANG_WARN_DOCUMENTATION_COMMENTS = YES;
				CLANG_WARN_EMPTY_BODY = YES;
				CLANG_WARN_ENUM_CONVERSION = YES;
				CLANG_WARN_INFINITE_RECURSION = YES;
				CLANG_WARN_INT_CONVERSION = YES;
				CLANG_WARN_NON_LITERAL_NULL_CONVERSION = YES;
				CLANG_WARN_OBJC_IMPLICIT_RETAIN_SELF = YES;
				CLANG_WARN_OBJC_LITERAL_CONVERSION = YES;
				CLANG_WARN_OBJC_ROOT_CLASS = YES_ERROR;
				CLANG_WARN_QUOTED_INCLUDE_IN_FRAMEWORK_HEADER = YES;
				CLANG_WARN_RANGE_LOOP_ANALYSIS = YES;
				CLANG_WARN_STRICT_PROTOTYPES = YES;
				CLANG_WARN_SUSPICIOUS_MOVE = YES;
				CLANG_WARN_UNGUARDED_AVAILABILITY = YES_AGGRESSIVE;
				CLANG_WARN_UNREACHABLE_CODE = YES;
				CLANG_WARN__DUPLICATE_METHOD_MATCH = YES;
				COPY_PHASE_STRIP = NO;
				DEBUG_INFORMATION_FORMAT = dwarf;
				ENABLE_STRICT_OBJC_MSGSEND = YES;
				ENABLE_TESTABILITY = YES;
				GCC_C_LANGUAGE_STANDARD = gnu11;
				GCC_DYNAMIC_NO_PIC = NO;
				GCC_NO_COMMON_BLOCKS = YES;
				GCC_OPTIMIZATION_LEVEL = 0;
				GCC_PREPROCESSOR_DEFINITIONS = (
					"DEBUG=1",
					"$(inherited)",
				);
				GCC_WARN_64_TO_32_BIT_CONVERSION = YES;
				GCC_WARN_ABOUT_RETURN_TYPE = YES_ERROR;
				GCC_WARN_UNDECLARED_SELECTOR = YES;
				GCC_WARN_UNINITIALIZED_AUTOS = YES_AGGRESSIVE;
				GCC_WARN_UNUSED_FUNCTION = YES;
				GCC_WARN_UNUSED_VARIABLE = YES;
				IPHONEOS_DEPLOYMENT_TARGET = 14.5;
				MTL_ENABLE_DEBUG_INFO = INCLUDE_SOURCE;
				MTL_FAST_MATH = YES;
				ONLY_ACTIVE_ARCH = YES;
				SDKROOT = iphoneos;
				SWIFT_ACTIVE_COMPILATION_CONDITIONS = DEBUG;
				SWIFT_OPTIMIZATION_LEVEL = "-Onone";
			};
			name = Debug;
		};
		62711A35268A487100A95A4E /* Release */ = {
			isa = XCBuildConfiguration;
			buildSettings = {
				ALWAYS_SEARCH_USER_PATHS = NO;
				CLANG_ANALYZER_NONNULL = YES;
				CLANG_ANALYZER_NUMBER_OBJECT_CONVERSION = YES_AGGRESSIVE;
				CLANG_CXX_LANGUAGE_STANDARD = "gnu++14";
				CLANG_CXX_LIBRARY = "libc++";
				CLANG_ENABLE_MODULES = YES;
				CLANG_ENABLE_OBJC_ARC = YES;
				CLANG_ENABLE_OBJC_WEAK = YES;
				CLANG_WARN_BLOCK_CAPTURE_AUTORELEASING = YES;
				CLANG_WARN_BOOL_CONVERSION = YES;
				CLANG_WARN_COMMA = YES;
				CLANG_WARN_CONSTANT_CONVERSION = YES;
				CLANG_WARN_DEPRECATED_OBJC_IMPLEMENTATIONS = YES;
				CLANG_WARN_DIRECT_OBJC_ISA_USAGE = YES_ERROR;
				CLANG_WARN_DOCUMENTATION_COMMENTS = YES;
				CLANG_WARN_EMPTY_BODY = YES;
				CLANG_WARN_ENUM_CONVERSION = YES;
				CLANG_WARN_INFINITE_RECURSION = YES;
				CLANG_WARN_INT_CONVERSION = YES;
				CLANG_WARN_NON_LITERAL_NULL_CONVERSION = YES;
				CLANG_WARN_OBJC_IMPLICIT_RETAIN_SELF = YES;
				CLANG_WARN_OBJC_LITERAL_CONVERSION = YES;
				CLANG_WARN_OBJC_ROOT_CLASS = YES_ERROR;
				CLANG_WARN_QUOTED_INCLUDE_IN_FRAMEWORK_HEADER = YES;
				CLANG_WARN_RANGE_LOOP_ANALYSIS = YES;
				CLANG_WARN_STRICT_PROTOTYPES = YES;
				CLANG_WARN_SUSPICIOUS_MOVE = YES;
				CLANG_WARN_UNGUARDED_AVAILABILITY = YES_AGGRESSIVE;
				CLANG_WARN_UNREACHABLE_CODE = YES;
				CLANG_WARN__DUPLICATE_METHOD_MATCH = YES;
				COPY_PHASE_STRIP = NO;
				DEBUG_INFORMATION_FORMAT = "dwarf-with-dsym";
				ENABLE_NS_ASSERTIONS = NO;
				ENABLE_STRICT_OBJC_MSGSEND = YES;
				GCC_C_LANGUAGE_STANDARD = gnu11;
				GCC_NO_COMMON_BLOCKS = YES;
				GCC_WARN_64_TO_32_BIT_CONVERSION = YES;
				GCC_WARN_ABOUT_RETURN_TYPE = YES_ERROR;
				GCC_WARN_UNDECLARED_SELECTOR = YES;
				GCC_WARN_UNINITIALIZED_AUTOS = YES_AGGRESSIVE;
				GCC_WARN_UNUSED_FUNCTION = YES;
				GCC_WARN_UNUSED_VARIABLE = YES;
				IPHONEOS_DEPLOYMENT_TARGET = 14.5;
				MTL_ENABLE_DEBUG_INFO = NO;
				MTL_FAST_MATH = YES;
				SDKROOT = iphoneos;
				SWIFT_COMPILATION_MODE = wholemodule;
				SWIFT_OPTIMIZATION_LEVEL = "-O";
				VALIDATE_PRODUCT = YES;
			};
			name = Release;
		};
		62711A37268A487100A95A4E /* Debug */ = {
			isa = XCBuildConfiguration;
			baseConfigurationReference = B63E59DEB8E0DEC32C504E0E /* Pods-TestCocoaPodsIntegration.debug.xcconfig */;
			buildSettings = {
				ASSETCATALOG_COMPILER_APPICON_NAME = AppIcon;
				ASSETCATALOG_COMPILER_GLOBAL_ACCENT_COLOR_NAME = AccentColor;
				CODE_SIGN_STYLE = Automatic;
				DEVELOPMENT_ASSET_PATHS = "\"TestCocoaPodsIntegration/Preview Content\"";
				DEVELOPMENT_TEAM = 67K9GDZYLG;
				ENABLE_PREVIEWS = YES;
				INFOPLIST_FILE = TestCocoaPodsIntegration/Info.plist;
				IPHONEOS_DEPLOYMENT_TARGET = 14.0;
				LD_RUNPATH_SEARCH_PATHS = (
					"$(inherited)",
					"@executable_path/Frameworks",
				);
				LIBRARY_SEARCH_PATHS = "";
				PRODUCT_BUNDLE_IDENTIFIER = uk.co.crowdconnected.testcocoapodsintegration.TestCocoaPodsIntegration;
				PRODUCT_NAME = "$(TARGET_NAME)";
				SWIFT_INCLUDE_PATHS = "$(SRCROOT)/Pods/CrowdConnectedCore/CrowdConnectedCore.xcframework/ios-x86_64-simulator $(SRCROOT)/Pods/CrowdConnectedCore/CrowdConnectedCore.xcframework/ios-arm64 $(SRCROOT)/Pods/CrowdConnectedIPS/CrowdConnectedIPS.xcframework/ios-x86_64-simulator $(SRCROOT)/Pods/CrowdConnectedIPS/CrowdConnectedIPS.xcframework/ios-arm64";
				SWIFT_VERSION = 5.0;
				TARGETED_DEVICE_FAMILY = "1,2";
			};
			name = Debug;
		};
		62711A38268A487100A95A4E /* Release */ = {
			isa = XCBuildConfiguration;
			baseConfigurationReference = C1FD2170E8D3994F5471A57C /* Pods-TestCocoaPodsIntegration.release.xcconfig */;
			buildSettings = {
				ASSETCATALOG_COMPILER_APPICON_NAME = AppIcon;
				ASSETCATALOG_COMPILER_GLOBAL_ACCENT_COLOR_NAME = AccentColor;
				CODE_SIGN_STYLE = Automatic;
				DEVELOPMENT_ASSET_PATHS = "\"TestCocoaPodsIntegration/Preview Content\"";
				DEVELOPMENT_TEAM = 67K9GDZYLG;
				ENABLE_PREVIEWS = YES;
				INFOPLIST_FILE = TestCocoaPodsIntegration/Info.plist;
				IPHONEOS_DEPLOYMENT_TARGET = 14.0;
				LD_RUNPATH_SEARCH_PATHS = (
					"$(inherited)",
					"@executable_path/Frameworks",
				);
				LIBRARY_SEARCH_PATHS = "";
				PRODUCT_BUNDLE_IDENTIFIER = uk.co.crowdconnected.testcocoapodsintegration.TestCocoaPodsIntegration;
				PRODUCT_NAME = "$(TARGET_NAME)";
				SWIFT_INCLUDE_PATHS = "$(SRCROOT)/Pods/CrowdConnectedCore/CrowdConnectedCore.xcframework/ios-x86_64-simulator $(SRCROOT)/Pods/CrowdConnectedCore/CrowdConnectedCore.xcframework/ios-arm64 $(SRCROOT)/Pods/CrowdConnectedIPS/CrowdConnectedIPS.xcframework/ios-x86_64-simulator $(SRCROOT)/Pods/CrowdConnectedIPS/CrowdConnectedIPS.xcframework/ios-arm64";
				SWIFT_VERSION = 5.0;
				TARGETED_DEVICE_FAMILY = "1,2";
			};
			name = Release;
		};
/* End XCBuildConfiguration section */

/* Begin XCConfigurationList section */
		62711A22268A486E00A95A4E /* Build configuration list for PBXProject "TestCocoaPodsIntegration" */ = {
			isa = XCConfigurationList;
			buildConfigurations = (
				62711A34268A487100A95A4E /* Debug */,
				62711A35268A487100A95A4E /* Release */,
			);
			defaultConfigurationIsVisible = 0;
			defaultConfigurationName = Release;
		};
		62711A36268A487100A95A4E /* Build configuration list for PBXNativeTarget "TestCocoaPodsIntegration" */ = {
			isa = XCConfigurationList;
			buildConfigurations = (
				62711A37268A487100A95A4E /* Debug */,
				62711A38268A487100A95A4E /* Release */,
			);
			defaultConfigurationIsVisible = 0;
			defaultConfigurationName = Release;
		};
/* End XCConfigurationList section */

/* Begin XCRemoteSwiftPackageReference section */
		AA0F89362CD1778C00E6A339 /* XCRemoteSwiftPackageReference "aws-sdk-swift" */ = {
			isa = XCRemoteSwiftPackageReference;
			repositoryURL = "https://github.com/awslabs/aws-sdk-swift";
			requirement = {
				kind = upToNextMajorVersion;
				minimumVersion = 1.0.30;
			};
		};
/* End XCRemoteSwiftPackageReference section */

/* Begin XCSwiftPackageProductDependency section */
		AA0F89D12CD1778C00E6A339 /* AWSCognitoIdentity */ = {
			isa = XCSwiftPackageProductDependency;
			package = AA0F89362CD1778C00E6A339 /* XCRemoteSwiftPackageReference "aws-sdk-swift" */;
			productName = AWSCognitoIdentity;
		};
		AA0F89D32CD1778C00E6A339 /* AWSCognitoIdentityProvider */ = {
			isa = XCSwiftPackageProductDependency;
			package = AA0F89362CD1778C00E6A339 /* XCRemoteSwiftPackageReference "aws-sdk-swift" */;
			productName = AWSCognitoIdentityProvider;
		};
		AA0F8A092CD1785900E6A339 /* AWSKinesis */ = {
			isa = XCSwiftPackageProductDependency;
			package = AA0F89362CD1778C00E6A339 /* XCRemoteSwiftPackageReference "aws-sdk-swift" */;
			productName = AWSKinesis;
		};
/* End XCSwiftPackageProductDependency section */
	};
	rootObject = 62711A1F268A486E00A95A4E /* Project object */;
}
